// !$*UTF8*$!
{
	archiveVersion = 1;
	classes = {
	};
	objectVersion = 51;
	objects = {

/* Begin PBXBuildFile section */
		0EDAE5F198FD74A091B3F981 /* Pods_PetWorld.framework in Frameworks */ = {isa = PBXBuildFile; fileRef = B8279E5616CAF1E20B43E270 /* Pods_PetWorld.framework */; };
		7C0A2CD2247992FC005B6F5B /* HomePostTableViewCell.swift in Sources */ = {isa = PBXBuildFile; fileRef = 7C0A2CD0247992FC005B6F5B /* HomePostTableViewCell.swift */; };
		7C0A2CD3247992FC005B6F5B /* HomePostTableViewCell.xib in Resources */ = {isa = PBXBuildFile; fileRef = 7C0A2CD1247992FC005B6F5B /* HomePostTableViewCell.xib */; };
		7C0C051B2477BAE000EA5960 /* SelectRegisterationViewController.swift in Sources */ = {isa = PBXBuildFile; fileRef = 7C0C051A2477BAE000EA5960 /* SelectRegisterationViewController.swift */; };
		7C0C051D2477C06A00EA5960 /* Inceptionv3.mlmodel in Sources */ = {isa = PBXBuildFile; fileRef = 7C0C051C2477C06A00EA5960 /* Inceptionv3.mlmodel */; };
		7C0C054C2478090A00EA5960 /* SwiftyJSON.framework in Frameworks */ = {isa = PBXBuildFile; fileRef = 7C0C054B2478090A00EA5960 /* SwiftyJSON.framework */; };
		7C2C031A2474208E0009EFEF /* AppDelegate.swift in Sources */ = {isa = PBXBuildFile; fileRef = 7C2C03192474208E0009EFEF /* AppDelegate.swift */; };
		7C2C031C2474208E0009EFEF /* ViewController.swift in Sources */ = {isa = PBXBuildFile; fileRef = 7C2C031B2474208E0009EFEF /* ViewController.swift */; };
		7C2C031F2474208E0009EFEF /* Main.storyboard in Resources */ = {isa = PBXBuildFile; fileRef = 7C2C031D2474208E0009EFEF /* Main.storyboard */; };
		7C2C03222474208E0009EFEF /* PetWorld.xcdatamodeld in Sources */ = {isa = PBXBuildFile; fileRef = 7C2C03202474208E0009EFEF /* PetWorld.xcdatamodeld */; };
		7C2C03242474208F0009EFEF /* Assets.xcassets in Resources */ = {isa = PBXBuildFile; fileRef = 7C2C03232474208F0009EFEF /* Assets.xcassets */; };
		7C3B79EC2498E76D00A2FF4E /* spinner.swift in Sources */ = {isa = PBXBuildFile; fileRef = 7C3B79EB2498E76D00A2FF4E /* spinner.swift */; };
		7C3B79F5249A65A100A2FF4E /* Dog_classify.mlmodel in Sources */ = {isa = PBXBuildFile; fileRef = 7C3B79F4249A65A100A2FF4E /* Dog_classify.mlmodel */; };
		7C4E9A8E2475478A005ABB92 /* LoginViewcontroller.swift in Sources */ = {isa = PBXBuildFile; fileRef = 7C4E9A8D2475478A005ABB92 /* LoginViewcontroller.swift */; };
		7C4E9A9A24756CD5005ABB92 /* Launch Screen.storyboard in Resources */ = {isa = PBXBuildFile; fileRef = 7C4E9A9924756CD5005ABB92 /* Launch Screen.storyboard */; };
		7C4E9A9E24757B62005ABB92 /* ScanViewController.swift in Sources */ = {isa = PBXBuildFile; fileRef = 7C4E9A9D24757B62005ABB92 /* ScanViewController.swift */; };
		7C5523F62476751F0051C3D7 /* MypetViewController.swift in Sources */ = {isa = PBXBuildFile; fileRef = 7C5523F52476751F0051C3D7 /* MypetViewController.swift */; };
		7C5523F82476752E0051C3D7 /* HomeViewController.swift in Sources */ = {isa = PBXBuildFile; fileRef = 7C5523F72476752E0051C3D7 /* HomeViewController.swift */; };
		7C5523FC24769E640051C3D7 /* RegisterViewController.swift in Sources */ = {isa = PBXBuildFile; fileRef = 7C5523FB24769E640051C3D7 /* RegisterViewController.swift */; };
		7C69A092248BBF3D0015695E /* YBAlertController.swift in Sources */ = {isa = PBXBuildFile; fileRef = 7C69A091248BBF3D0015695E /* YBAlertController.swift */; };
		7C69A0A6248C1EE20015695E /* SettingTableViewController.swift in Sources */ = {isa = PBXBuildFile; fileRef = 7C69A0A5248C1EE20015695E /* SettingTableViewController.swift */; };
		7C83A65C27A83295007D31C0 /* App_images in Resources */ = {isa = PBXBuildFile; fileRef = 7C83A65B27A83294007D31C0 /* App_images */; };
		7CE4CCB4247859DA0062C80D /* GoogleService-Info.plist in Resources */ = {isa = PBXBuildFile; fileRef = 7CE4CCAE247859DA0062C80D /* GoogleService-Info.plist */; };
		7CE4F79A248159BE00566D64 /* CameraViewController.swift in Sources */ = {isa = PBXBuildFile; fileRef = 7CE4F799248159BE00566D64 /* CameraViewController.swift */; };
		7CE4F79C248159FD00566D64 /* CameraController.swift in Sources */ = {isa = PBXBuildFile; fileRef = 7CE4F79B248159FD00566D64 /* CameraController.swift */; };
		7CE4F79F2482A6D300566D64 /* UserService.swift in Sources */ = {isa = PBXBuildFile; fileRef = 7CE4F79E2482A6D300566D64 /* UserService.swift */; };
		7CE4F7A12482AAE200566D64 /* UserProfile.swift in Sources */ = {isa = PBXBuildFile; fileRef = 7CE4F7A02482AAE200566D64 /* UserProfile.swift */; };
		7CE4F7A32482AAF600566D64 /* Post.swift in Sources */ = {isa = PBXBuildFile; fileRef = 7CE4F7A22482AAF600566D64 /* Post.swift */; };
		7CE4F7A52483D31C00566D64 /* AddPostViewController.swift in Sources */ = {isa = PBXBuildFile; fileRef = 7CE4F7A42483D31C00566D64 /* AddPostViewController.swift */; };
		7CE4F7A72483FD6500566D64 /* ImageAdd.swift in Sources */ = {isa = PBXBuildFile; fileRef = 7CE4F7A62483FD6500566D64 /* ImageAdd.swift */; };
		7CE4F7A92484069F00566D64 /* HelperExtensions.swift in Sources */ = {isa = PBXBuildFile; fileRef = 7CE4F7A82484069F00566D64 /* HelperExtensions.swift */; };
		7CE4F7AE24842F2000566D64 /* LoadCell.swift in Sources */ = {isa = PBXBuildFile; fileRef = 7CE4F7AD24842F2000566D64 /* LoadCell.swift */; };
		7CE4F7B124851C9800566D64 /* SeeNewPostsButton.swift in Sources */ = {isa = PBXBuildFile; fileRef = 7CE4F7B024851C9800566D64 /* SeeNewPostsButton.swift */; };
		7CE4F7B824866FDB00566D64 /* postimage.swift in Sources */ = {isa = PBXBuildFile; fileRef = 7CE4F7B724866FDB00566D64 /* postimage.swift */; };
		7CE4F7BA248673C600566D64 /* postprofile.swift in Sources */ = {isa = PBXBuildFile; fileRef = 7CE4F7B9248673C600566D64 /* postprofile.swift */; };
/* End PBXBuildFile section */

/* Begin PBXContainerItemProxy section */
		7C0C053F2478084100EA5960 /* PBXContainerItemProxy */ = {
			isa = PBXContainerItemProxy;
			containerPortal = 7C0C05372478084100EA5960 /* Swifter.xcodeproj */;
			proxyType = 2;
			remoteGlobalIDString = 8B9F50EE1944A5AB00894629;
			remoteInfo = SwifteriOS;
		};
		7C0C05412478084100EA5960 /* PBXContainerItemProxy */ = {
			isa = PBXContainerItemProxy;
			containerPortal = 7C0C05372478084100EA5960 /* Swifter.xcodeproj */;
			proxyType = 2;
			remoteGlobalIDString = 8B9F51131944A61D00894629;
			remoteInfo = SwifterMac;
		};
		7C0C05432478084100EA5960 /* PBXContainerItemProxy */ = {
			isa = PBXContainerItemProxy;
			containerPortal = 7C0C05372478084100EA5960 /* Swifter.xcodeproj */;
			proxyType = 2;
			remoteGlobalIDString = 8B300C1F1944AA1A00993175;
			remoteInfo = SwifterDemoiOS;
		};
		7C0C05452478084100EA5960 /* PBXContainerItemProxy */ = {
			isa = PBXContainerItemProxy;
			containerPortal = 7C0C05372478084100EA5960 /* Swifter.xcodeproj */;
			proxyType = 2;
			remoteGlobalIDString = 8B300C471944AECB00993175;
			remoteInfo = SwifterDemoMac;
		};
		7C0C05472478084100EA5960 /* PBXContainerItemProxy */ = {
			isa = PBXContainerItemProxy;
			containerPortal = 7C0C05372478084100EA5960 /* Swifter.xcodeproj */;
			proxyType = 2;
			remoteGlobalIDString = F6B4D5751C7BAC4500E06514;
			remoteInfo = SwifterTests;
		};
/* End PBXContainerItemProxy section */

/* Begin PBXFileReference section */
		2B03C564DBE06A2F33729C0F /* Pods-PetWorld.release.xcconfig */ = {isa = PBXFileReference; includeInIndex = 1; lastKnownFileType = text.xcconfig; name = "Pods-PetWorld.release.xcconfig"; path = "Target Support Files/Pods-PetWorld/Pods-PetWorld.release.xcconfig"; sourceTree = "<group>"; };
		4450CA3A015EF54443BD7536 /* Pods-PetWorld.debug.xcconfig */ = {isa = PBXFileReference; includeInIndex = 1; lastKnownFileType = text.xcconfig; name = "Pods-PetWorld.debug.xcconfig"; path = "Target Support Files/Pods-PetWorld/Pods-PetWorld.debug.xcconfig"; sourceTree = "<group>"; };
		7C0A2CD0247992FC005B6F5B /* HomePostTableViewCell.swift */ = {isa = PBXFileReference; lastKnownFileType = sourcecode.swift; path = HomePostTableViewCell.swift; sourceTree = "<group>"; };
		7C0A2CD1247992FC005B6F5B /* HomePostTableViewCell.xib */ = {isa = PBXFileReference; lastKnownFileType = file.xib; path = HomePostTableViewCell.xib; sourceTree = "<group>"; };
		7C0C051A2477BAE000EA5960 /* SelectRegisterationViewController.swift */ = {isa = PBXFileReference; lastKnownFileType = sourcecode.swift; path = SelectRegisterationViewController.swift; sourceTree = "<group>"; };
		7C0C051C2477C06A00EA5960 /* Inceptionv3.mlmodel */ = {isa = PBXFileReference; lastKnownFileType = file.mlmodel; path = Inceptionv3.mlmodel; sourceTree = "<group>"; };
		7C0C05222477CE2500EA5960 /* SwiftyJSON.framework */ = {isa = PBXFileReference; explicitFileType = wrapper.framework; path = SwiftyJSON.framework; sourceTree = BUILT_PRODUCTS_DIR; };
		7C0C05372478084100EA5960 /* Swifter.xcodeproj */ = {isa = PBXFileReference; lastKnownFileType = "wrapper.pb-project"; name = Swifter.xcodeproj; path = "../Swifter-master/Swifter.xcodeproj"; sourceTree = "<group>"; };
		7C0C054B2478090A00EA5960 /* SwiftyJSON.framework */ = {isa = PBXFileReference; explicitFileType = wrapper.framework; path = SwiftyJSON.framework; sourceTree = BUILT_PRODUCTS_DIR; };
		7C2C03162474208E0009EFEF /* PetWorld.app */ = {isa = PBXFileReference; explicitFileType = wrapper.application; includeInIndex = 0; path = PetWorld.app; sourceTree = BUILT_PRODUCTS_DIR; };
		7C2C03192474208E0009EFEF /* AppDelegate.swift */ = {isa = PBXFileReference; lastKnownFileType = sourcecode.swift; path = AppDelegate.swift; sourceTree = "<group>"; };
		7C2C031B2474208E0009EFEF /* ViewController.swift */ = {isa = PBXFileReference; lastKnownFileType = sourcecode.swift; path = ViewController.swift; sourceTree = "<group>"; };
		7C2C031E2474208E0009EFEF /* Base */ = {isa = PBXFileReference; lastKnownFileType = file.storyboard; name = Base; path = Base.lproj/Main.storyboard; sourceTree = "<group>"; };
		7C2C03212474208E0009EFEF /* PetWorld.xcdatamodel */ = {isa = PBXFileReference; lastKnownFileType = wrapper.xcdatamodel; path = PetWorld.xcdatamodel; sourceTree = "<group>"; };
		7C2C03232474208F0009EFEF /* Assets.xcassets */ = {isa = PBXFileReference; lastKnownFileType = folder.assetcatalog; name = Assets.xcassets; path = "PetWorld/supporting files/Assets.xcassets"; sourceTree = SOURCE_ROOT; };
		7C2C03282474208F0009EFEF /* Info.plist */ = {isa = PBXFileReference; lastKnownFileType = text.plist.xml; path = Info.plist; sourceTree = "<group>"; };
		7C3B79EB2498E76D00A2FF4E /* spinner.swift */ = {isa = PBXFileReference; lastKnownFileType = sourcecode.swift; path = spinner.swift; sourceTree = "<group>"; };
		7C3B79F4249A65A100A2FF4E /* Dog_classify.mlmodel */ = {isa = PBXFileReference; lastKnownFileType = file.mlmodel; path = Dog_classify.mlmodel; sourceTree = "<group>"; };
		7C4E9A8D2475478A005ABB92 /* LoginViewcontroller.swift */ = {isa = PBXFileReference; lastKnownFileType = sourcecode.swift; path = LoginViewcontroller.swift; sourceTree = "<group>"; };
		7C4E9A9924756CD5005ABB92 /* Launch Screen.storyboard */ = {isa = PBXFileReference; lastKnownFileType = file.storyboard; path = "Launch Screen.storyboard"; sourceTree = "<group>"; };
		7C4E9A9D24757B62005ABB92 /* ScanViewController.swift */ = {isa = PBXFileReference; lastKnownFileType = sourcecode.swift; path = ScanViewController.swift; sourceTree = "<group>"; };
		7C5523F52476751F0051C3D7 /* MypetViewController.swift */ = {isa = PBXFileReference; lastKnownFileType = sourcecode.swift; path = MypetViewController.swift; sourceTree = "<group>"; };
		7C5523F72476752E0051C3D7 /* HomeViewController.swift */ = {isa = PBXFileReference; lastKnownFileType = sourcecode.swift; path = HomeViewController.swift; sourceTree = "<group>"; };
		7C5523FB24769E640051C3D7 /* RegisterViewController.swift */ = {isa = PBXFileReference; lastKnownFileType = sourcecode.swift; path = RegisterViewController.swift; sourceTree = "<group>"; };
		7C69A091248BBF3D0015695E /* YBAlertController.swift */ = {isa = PBXFileReference; lastKnownFileType = sourcecode.swift; path = YBAlertController.swift; sourceTree = "<group>"; };
		7C69A0A5248C1EE20015695E /* SettingTableViewController.swift */ = {isa = PBXFileReference; lastKnownFileType = sourcecode.swift; path = SettingTableViewController.swift; sourceTree = "<group>"; };
		7C83A65B27A83294007D31C0 /* App_images */ = {isa = PBXFileReference; lastKnownFileType = folder; path = App_images; sourceTree = "<group>"; };
		7CE4CCAE247859DA0062C80D /* GoogleService-Info.plist */ = {isa = PBXFileReference; fileEncoding = 4; lastKnownFileType = text.plist.xml; path = "GoogleService-Info.plist"; sourceTree = "<group>"; };
		7CE4F799248159BE00566D64 /* CameraViewController.swift */ = {isa = PBXFileReference; lastKnownFileType = sourcecode.swift; path = CameraViewController.swift; sourceTree = "<group>"; };
		7CE4F79B248159FD00566D64 /* CameraController.swift */ = {isa = PBXFileReference; lastKnownFileType = sourcecode.swift; path = CameraController.swift; sourceTree = "<group>"; };
		7CE4F79E2482A6D300566D64 /* UserService.swift */ = {isa = PBXFileReference; lastKnownFileType = sourcecode.swift; path = UserService.swift; sourceTree = "<group>"; };
		7CE4F7A02482AAE200566D64 /* UserProfile.swift */ = {isa = PBXFileReference; lastKnownFileType = sourcecode.swift; path = UserProfile.swift; sourceTree = "<group>"; };
		7CE4F7A22482AAF600566D64 /* Post.swift */ = {isa = PBXFileReference; lastKnownFileType = sourcecode.swift; path = Post.swift; sourceTree = "<group>"; };
		7CE4F7A42483D31C00566D64 /* AddPostViewController.swift */ = {isa = PBXFileReference; lastKnownFileType = sourcecode.swift; path = AddPostViewController.swift; sourceTree = "<group>"; };
		7CE4F7A62483FD6500566D64 /* ImageAdd.swift */ = {isa = PBXFileReference; lastKnownFileType = sourcecode.swift; path = ImageAdd.swift; sourceTree = "<group>"; };
		7CE4F7A82484069F00566D64 /* HelperExtensions.swift */ = {isa = PBXFileReference; fileEncoding = 4; lastKnownFileType = sourcecode.swift; path = HelperExtensions.swift; sourceTree = "<group>"; };
		7CE4F7AD24842F2000566D64 /* LoadCell.swift */ = {isa = PBXFileReference; lastKnownFileType = sourcecode.swift; path = LoadCell.swift; sourceTree = "<group>"; };
		7CE4F7B024851C9800566D64 /* SeeNewPostsButton.swift */ = {isa = PBXFileReference; lastKnownFileType = sourcecode.swift; path = SeeNewPostsButton.swift; sourceTree = "<group>"; };
		7CE4F7B724866FDB00566D64 /* postimage.swift */ = {isa = PBXFileReference; lastKnownFileType = sourcecode.swift; path = postimage.swift; sourceTree = "<group>"; };
		7CE4F7B9248673C600566D64 /* postprofile.swift */ = {isa = PBXFileReference; lastKnownFileType = sourcecode.swift; path = postprofile.swift; sourceTree = "<group>"; };
		B8279E5616CAF1E20B43E270 /* Pods_PetWorld.framework */ = {isa = PBXFileReference; explicitFileType = wrapper.framework; includeInIndex = 0; path = Pods_PetWorld.framework; sourceTree = BUILT_PRODUCTS_DIR; };
/* End PBXFileReference section */

/* Begin PBXFrameworksBuildPhase section */
		7C2C03132474208E0009EFEF /* Frameworks */ = {
			isa = PBXFrameworksBuildPhase;
			buildActionMask = 2147483647;
			files = (
				7C0C054C2478090A00EA5960 /* SwiftyJSON.framework in Frameworks */,
				0EDAE5F198FD74A091B3F981 /* Pods_PetWorld.framework in Frameworks */,
			);
			runOnlyForDeploymentPostprocessing = 0;
		};
/* End PBXFrameworksBuildPhase section */

/* Begin PBXGroup section */
		7C0C05382478084100EA5960 /* Products */ = {
			isa = PBXGroup;
			children = (
				7C0C05402478084100EA5960 /* SwifteriOS.framework */,
				7C0C05422478084100EA5960 /* SwifterMac.framework */,
				7C0C05442478084100EA5960 /* SwifterDemoiOS.app */,
				7C0C05462478084100EA5960 /* SwifterDemoMac.app */,
				7C0C05482478084100EA5960 /* SwifterTests.xctest */,
			);
			name = Products;
			sourceTree = "<group>";
		};
		7C2C030D2474208E0009EFEF = {
			isa = PBXGroup;
			children = (
				7C83A65B27A83294007D31C0 /* App_images */,
				7C0C05372478084100EA5960 /* Swifter.xcodeproj */,
				7C2C03182474208E0009EFEF /* PetWorld */,
				7C2C03172474208E0009EFEF /* Products */,
				D0FA2C9452AC556F85CF61B3 /* Pods */,
				EDCB586213A45E69D8DD9BD7 /* Frameworks */,
			);
			sourceTree = "<group>";
		};
		7C2C03172474208E0009EFEF /* Products */ = {
			isa = PBXGroup;
			children = (
				7C2C03162474208E0009EFEF /* PetWorld.app */,
			);
			name = Products;
			sourceTree = "<group>";
		};
		7C2C03182474208E0009EFEF /* PetWorld */ = {
			isa = PBXGroup;
			children = (
				7C4E9A8C24752FB7005ABB92 /* supporting files */,
				7CE4F79D24815A0500566D64 /* model */,
				7C4E9A8F24754794005ABB92 /* Controller */,
				7C4E9A90247547AD005ABB92 /* View */,
				7C2C03282474208F0009EFEF /* Info.plist */,
				7CE4CCAE247859DA0062C80D /* GoogleService-Info.plist */,
				7C3B79F4249A65A100A2FF4E /* Dog_classify.mlmodel */,
				7C0C051C2477C06A00EA5960 /* Inceptionv3.mlmodel */,
				7C2C03202474208E0009EFEF /* PetWorld.xcdatamodeld */,
			);
			path = PetWorld;
			sourceTree = "<group>";
		};
		7C4E9A8C24752FB7005ABB92 /* supporting files */ = {
			isa = PBXGroup;
			children = (
				7C2C03192474208E0009EFEF /* AppDelegate.swift */,
				7C4E9A9924756CD5005ABB92 /* Launch Screen.storyboard */,
				7C2C03232474208F0009EFEF /* Assets.xcassets */,
			);
			path = "supporting files";
			sourceTree = "<group>";
		};
		7C4E9A8F24754794005ABB92 /* Controller */ = {
			isa = PBXGroup;
			children = (
				7CE4F7AA248408A000566D64 /* Auth Main Controller */,
				7C69A089248B94C70015695E /* Main Tab controllers */,
				7CE4F7A42483D31C00566D64 /* AddPostViewController.swift */,
				7C0A2CD0247992FC005B6F5B /* HomePostTableViewCell.swift */,
				7C0A2CD1247992FC005B6F5B /* HomePostTableViewCell.xib */,
				7CE4F799248159BE00566D64 /* CameraViewController.swift */,
				7C69A0A5248C1EE20015695E /* SettingTableViewController.swift */,
				7C69A0A2248BEC440015695E /* thiredparty */,
			);
			path = Controller;
			sourceTree = "<group>";
		};
		7C4E9A90247547AD005ABB92 /* View */ = {
			isa = PBXGroup;
			children = (
				7C2C031D2474208E0009EFEF /* Main.storyboard */,
			);
			path = View;
			sourceTree = "<group>";
		};
		7C69A089248B94C70015695E /* Main Tab controllers */ = {
			isa = PBXGroup;
			children = (
				7C5523F72476752E0051C3D7 /* HomeViewController.swift */,
				7C4E9A9D24757B62005ABB92 /* ScanViewController.swift */,
				7C5523F52476751F0051C3D7 /* MypetViewController.swift */,
			);
			path = "Main Tab controllers";
			sourceTree = "<group>";
		};
		7C69A0A2248BEC440015695E /* thiredparty */ = {
			isa = PBXGroup;
			children = (
				7C69A091248BBF3D0015695E /* YBAlertController.swift */,
			);
			path = thiredparty;
			sourceTree = "<group>";
		};
		7CE4F79D24815A0500566D64 /* model */ = {
			isa = PBXGroup;
			children = (
				7CE4F7A82484069F00566D64 /* HelperExtensions.swift */,
				7CE4F79B248159FD00566D64 /* CameraController.swift */,
				7CE4F79E2482A6D300566D64 /* UserService.swift */,
				7CE4F7A02482AAE200566D64 /* UserProfile.swift */,
				7CE4F7A22482AAF600566D64 /* Post.swift */,
				7CE4F7A62483FD6500566D64 /* ImageAdd.swift */,
				7CE4F7AD24842F2000566D64 /* LoadCell.swift */,
				7CE4F7B024851C9800566D64 /* SeeNewPostsButton.swift */,
				7CE4F7B724866FDB00566D64 /* postimage.swift */,
				7CE4F7B9248673C600566D64 /* postprofile.swift */,
				7C3B79EB2498E76D00A2FF4E /* spinner.swift */,
			);
			name = model;
			sourceTree = "<group>";
		};
		7CE4F7AA248408A000566D64 /* Auth Main Controller */ = {
			isa = PBXGroup;
			children = (
				7C0C051A2477BAE000EA5960 /* SelectRegisterationViewController.swift */,
				7C2C031B2474208E0009EFEF /* ViewController.swift */,
				7C4E9A8D2475478A005ABB92 /* LoginViewcontroller.swift */,
				7C5523FB24769E640051C3D7 /* RegisterViewController.swift */,
			);
			path = "Auth Main Controller";
			sourceTree = "<group>";
		};
		D0FA2C9452AC556F85CF61B3 /* Pods */ = {
			isa = PBXGroup;
			children = (
				4450CA3A015EF54443BD7536 /* Pods-PetWorld.debug.xcconfig */,
				2B03C564DBE06A2F33729C0F /* Pods-PetWorld.release.xcconfig */,
			);
			path = Pods;
			sourceTree = "<group>";
		};
		EDCB586213A45E69D8DD9BD7 /* Frameworks */ = {
			isa = PBXGroup;
			children = (
				7C0C054B2478090A00EA5960 /* SwiftyJSON.framework */,
				7C0C05222477CE2500EA5960 /* SwiftyJSON.framework */,
				B8279E5616CAF1E20B43E270 /* Pods_PetWorld.framework */,
			);
			name = Frameworks;
			sourceTree = "<group>";
		};
/* End PBXGroup section */

/* Begin PBXNativeTarget section */
		7C2C03152474208E0009EFEF /* PetWorld */ = {
			isa = PBXNativeTarget;
			buildConfigurationList = 7C2C032B2474208F0009EFEF /* Build configuration list for PBXNativeTarget "PetWorld" */;
			buildPhases = (
				56B1EB48AC8803776E1BCAD8 /* [CP] Check Pods Manifest.lock */,
				7C2C03122474208E0009EFEF /* Sources */,
				7C2C03132474208E0009EFEF /* Frameworks */,
				7C2C03142474208E0009EFEF /* Resources */,
				2594CE8E561CCB18620D393C /* [CP] Embed Pods Frameworks */,
				936354AC00929C281421E8B1 /* [CP] Copy Pods Resources */,
			);
			buildRules = (
			);
			dependencies = (
			);
			name = PetWorld;
			productName = PetWorld;
			productReference = 7C2C03162474208E0009EFEF /* PetWorld.app */;
			productType = "com.apple.product-type.application";
		};
/* End PBXNativeTarget section */

/* Begin PBXProject section */
		7C2C030E2474208E0009EFEF /* Project object */ = {
			isa = PBXProject;
			attributes = {
				LastSwiftUpdateCheck = 1030;
				LastUpgradeCheck = 1310;
				ORGANIZATIONNAME = joseph_Eagles;
				TargetAttributes = {
					7C2C03152474208E0009EFEF = {
						CreatedOnToolsVersion = 10.3;
					};
				};
			};
			buildConfigurationList = 7C2C03112474208E0009EFEF /* Build configuration list for PBXProject "PetWorld" */;
			compatibilityVersion = "Xcode 9.3";
			developmentRegion = en;
			hasScannedForEncodings = 0;
			knownRegions = (
				en,
				Base,
			);
			mainGroup = 7C2C030D2474208E0009EFEF;
			productRefGroup = 7C2C03172474208E0009EFEF /* Products */;
			projectDirPath = "";
			projectReferences = (
				{
					ProductGroup = 7C0C05382478084100EA5960 /* Products */;
					ProjectRef = 7C0C05372478084100EA5960 /* Swifter.xcodeproj */;
				},
			);
			projectRoot = "";
			targets = (
				7C2C03152474208E0009EFEF /* PetWorld */,
			);
		};
/* End PBXProject section */

/* Begin PBXReferenceProxy section */
		7C0C05402478084100EA5960 /* SwifteriOS.framework */ = {
			isa = PBXReferenceProxy;
			fileType = wrapper.framework;
			path = SwifteriOS.framework;
			remoteRef = 7C0C053F2478084100EA5960 /* PBXContainerItemProxy */;
			sourceTree = BUILT_PRODUCTS_DIR;
		};
		7C0C05422478084100EA5960 /* SwifterMac.framework */ = {
			isa = PBXReferenceProxy;
			fileType = wrapper.framework;
			path = SwifterMac.framework;
			remoteRef = 7C0C05412478084100EA5960 /* PBXContainerItemProxy */;
			sourceTree = BUILT_PRODUCTS_DIR;
		};
		7C0C05442478084100EA5960 /* SwifterDemoiOS.app */ = {
			isa = PBXReferenceProxy;
			fileType = wrapper.application;
			path = SwifterDemoiOS.app;
			remoteRef = 7C0C05432478084100EA5960 /* PBXContainerItemProxy */;
			sourceTree = BUILT_PRODUCTS_DIR;
		};
		7C0C05462478084100EA5960 /* SwifterDemoMac.app */ = {
			isa = PBXReferenceProxy;
			fileType = wrapper.application;
			path = SwifterDemoMac.app;
			remoteRef = 7C0C05452478084100EA5960 /* PBXContainerItemProxy */;
			sourceTree = BUILT_PRODUCTS_DIR;
		};
		7C0C05482478084100EA5960 /* SwifterTests.xctest */ = {
			isa = PBXReferenceProxy;
			fileType = wrapper.cfbundle;
			path = SwifterTests.xctest;
			remoteRef = 7C0C05472478084100EA5960 /* PBXContainerItemProxy */;
			sourceTree = BUILT_PRODUCTS_DIR;
		};
/* End PBXReferenceProxy section */

/* Begin PBXResourcesBuildPhase section */
		7C2C03142474208E0009EFEF /* Resources */ = {
			isa = PBXResourcesBuildPhase;
			buildActionMask = 2147483647;
			files = (
				7C83A65C27A83295007D31C0 /* App_images in Resources */,
				7C2C03242474208F0009EFEF /* Assets.xcassets in Resources */,
				7C0A2CD3247992FC005B6F5B /* HomePostTableViewCell.xib in Resources */,
				7C4E9A9A24756CD5005ABB92 /* Launch Screen.storyboard in Resources */,
				7CE4CCB4247859DA0062C80D /* GoogleService-Info.plist in Resources */,
				7C2C031F2474208E0009EFEF /* Main.storyboard in Resources */,
			);
			runOnlyForDeploymentPostprocessing = 0;
		};
/* End PBXResourcesBuildPhase section */

/* Begin PBXShellScriptBuildPhase section */
		2594CE8E561CCB18620D393C /* [CP] Embed Pods Frameworks */ = {
			isa = PBXShellScriptBuildPhase;
			buildActionMask = 2147483647;
			files = (
			);
			inputFileListPaths = (
				"${PODS_ROOT}/Target Support Files/Pods-PetWorld/Pods-PetWorld-frameworks-${CONFIGURATION}-input-files.xcfilelist",
			);
			name = "[CP] Embed Pods Frameworks";
			outputFileListPaths = (
				"${PODS_ROOT}/Target Support Files/Pods-PetWorld/Pods-PetWorld-frameworks-${CONFIGURATION}-output-files.xcfilelist",
			);
			runOnlyForDeploymentPostprocessing = 0;
			shellPath = /bin/sh;
			shellScript = "\"${PODS_ROOT}/Target Support Files/Pods-PetWorld/Pods-PetWorld-frameworks.sh\"\n";
			showEnvVarsInLog = 0;
		};
		56B1EB48AC8803776E1BCAD8 /* [CP] Check Pods Manifest.lock */ = {
			isa = PBXShellScriptBuildPhase;
			buildActionMask = 2147483647;
			files = (
			);
			inputFileListPaths = (
			);
			inputPaths = (
				"${PODS_PODFILE_DIR_PATH}/Podfile.lock",
				"${PODS_ROOT}/Manifest.lock",
			);
			name = "[CP] Check Pods Manifest.lock";
			outputFileListPaths = (
			);
			outputPaths = (
				"$(DERIVED_FILE_DIR)/Pods-PetWorld-checkManifestLockResult.txt",
			);
			runOnlyForDeploymentPostprocessing = 0;
			shellPath = /bin/sh;
			shellScript = "diff \"${PODS_PODFILE_DIR_PATH}/Podfile.lock\" \"${PODS_ROOT}/Manifest.lock\" > /dev/null\nif [ $? != 0 ] ; then\n    # print error to STDERR\n    echo \"error: The sandbox is not in sync with the Podfile.lock. Run 'pod install' or update your CocoaPods installation.\" >&2\n    exit 1\nfi\n# This output is used by Xcode 'outputs' to avoid re-running this script phase.\necho \"SUCCESS\" > \"${SCRIPT_OUTPUT_FILE_0}\"\n";
			showEnvVarsInLog = 0;
		};
		936354AC00929C281421E8B1 /* [CP] Copy Pods Resources */ = {
			isa = PBXShellScriptBuildPhase;
			buildActionMask = 2147483647;
			files = (
			);
			inputFileListPaths = (
				"${PODS_ROOT}/Target Support Files/Pods-PetWorld/Pods-PetWorld-resources-${CONFIGURATION}-input-files.xcfilelist",
			);
			name = "[CP] Copy Pods Resources";
			outputFileListPaths = (
				"${PODS_ROOT}/Target Support Files/Pods-PetWorld/Pods-PetWorld-resources-${CONFIGURATION}-output-files.xcfilelist",
			);
			runOnlyForDeploymentPostprocessing = 0;
			shellPath = /bin/sh;
			shellScript = "\"${PODS_ROOT}/Target Support Files/Pods-PetWorld/Pods-PetWorld-resources.sh\"\n";
			showEnvVarsInLog = 0;
		};
/* End PBXShellScriptBuildPhase section */

/* Begin PBXSourcesBuildPhase section */
		7C2C03122474208E0009EFEF /* Sources */ = {
			isa = PBXSourcesBuildPhase;
			buildActionMask = 2147483647;
			files = (
				7CE4F7B124851C9800566D64 /* SeeNewPostsButton.swift in Sources */,
				7C69A092248BBF3D0015695E /* YBAlertController.swift in Sources */,
				7C0C051D2477C06A00EA5960 /* Inceptionv3.mlmodel in Sources */,
				7C5523FC24769E640051C3D7 /* RegisterViewController.swift in Sources */,
				7CE4F7A32482AAF600566D64 /* Post.swift in Sources */,
				7CE4F79C248159FD00566D64 /* CameraController.swift in Sources */,
				7C4E9A8E2475478A005ABB92 /* LoginViewcontroller.swift in Sources */,
				7C2C031C2474208E0009EFEF /* ViewController.swift in Sources */,
				7CE4F79A248159BE00566D64 /* CameraViewController.swift in Sources */,
				7CE4F7A72483FD6500566D64 /* ImageAdd.swift in Sources */,
				7CE4F7B824866FDB00566D64 /* postimage.swift in Sources */,
				7CE4F79F2482A6D300566D64 /* UserService.swift in Sources */,
				7C4E9A9E24757B62005ABB92 /* ScanViewController.swift in Sources */,
				7C69A0A6248C1EE20015695E /* SettingTableViewController.swift in Sources */,
				7C5523F82476752E0051C3D7 /* HomeViewController.swift in Sources */,
				7CE4F7A52483D31C00566D64 /* AddPostViewController.swift in Sources */,
				7C2C031A2474208E0009EFEF /* AppDelegate.swift in Sources */,
				7C0A2CD2247992FC005B6F5B /* HomePostTableViewCell.swift in Sources */,
				7CE4F7A12482AAE200566D64 /* UserProfile.swift in Sources */,
				7C5523F62476751F0051C3D7 /* MypetViewController.swift in Sources */,
				7CE4F7BA248673C600566D64 /* postprofile.swift in Sources */,
				7CE4F7A92484069F00566D64 /* HelperExtensions.swift in Sources */,
				7C3B79F5249A65A100A2FF4E /* Dog_classify.mlmodel in Sources */,
				7C2C03222474208E0009EFEF /* PetWorld.xcdatamodeld in Sources */,
				7C3B79EC2498E76D00A2FF4E /* spinner.swift in Sources */,
				7CE4F7AE24842F2000566D64 /* LoadCell.swift in Sources */,
				7C0C051B2477BAE000EA5960 /* SelectRegisterationViewController.swift in Sources */,
			);
			runOnlyForDeploymentPostprocessing = 0;
		};
/* End PBXSourcesBuildPhase section */

/* Begin PBXVariantGroup section */
		7C2C031D2474208E0009EFEF /* Main.storyboard */ = {
			isa = PBXVariantGroup;
			children = (
				7C2C031E2474208E0009EFEF /* Base */,
			);
			name = Main.storyboard;
			sourceTree = "<group>";
		};
/* End PBXVariantGroup section */

/* Begin XCBuildConfiguration section */
		7C2C03292474208F0009EFEF /* Debug */ = {
			isa = XCBuildConfiguration;
			buildSettings = {
				ALWAYS_SEARCH_USER_PATHS = NO;
				CLANG_ANALYZER_NONNULL = YES;
				CLANG_ANALYZER_NUMBER_OBJECT_CONVERSION = YES_AGGRESSIVE;
				CLANG_CXX_LANGUAGE_STANDARD = "gnu++14";
				CLANG_CXX_LIBRARY = "libc++";
				CLANG_ENABLE_MODULES = YES;
				CLANG_ENABLE_OBJC_ARC = YES;
				CLANG_ENABLE_OBJC_WEAK = YES;
				CLANG_WARN_BLOCK_CAPTURE_AUTORELEASING = YES;
				CLANG_WARN_BOOL_CONVERSION = YES;
				CLANG_WARN_COMMA = YES;
				CLANG_WARN_CONSTANT_CONVERSION = YES;
				CLANG_WARN_DEPRECATED_OBJC_IMPLEMENTATIONS = YES;
				CLANG_WARN_DIRECT_OBJC_ISA_USAGE = YES_ERROR;
				CLANG_WARN_DOCUMENTATION_COMMENTS = YES;
				CLANG_WARN_EMPTY_BODY = YES;
				CLANG_WARN_ENUM_CONVERSION = YES;
				CLANG_WARN_INFINITE_RECURSION = YES;
				CLANG_WARN_INT_CONVERSION = YES;
				CLANG_WARN_NON_LITERAL_NULL_CONVERSION = YES;
				CLANG_WARN_OBJC_IMPLICIT_RETAIN_SELF = YES;
				CLANG_WARN_OBJC_LITERAL_CONVERSION = YES;
				CLANG_WARN_OBJC_ROOT_CLASS = YES_ERROR;
				CLANG_WARN_QUOTED_INCLUDE_IN_FRAMEWORK_HEADER = YES;
				CLANG_WARN_RANGE_LOOP_ANALYSIS = YES;
				CLANG_WARN_STRICT_PROTOTYPES = YES;
				CLANG_WARN_SUSPICIOUS_MOVE = YES;
				CLANG_WARN_UNGUARDED_AVAILABILITY = YES_AGGRESSIVE;
				CLANG_WARN_UNREACHABLE_CODE = YES;
				CLANG_WARN__DUPLICATE_METHOD_MATCH = YES;
				CODE_SIGN_IDENTITY = "iPhone Developer";
				COPY_PHASE_STRIP = NO;
				DEBUG_INFORMATION_FORMAT = dwarf;
				ENABLE_STRICT_OBJC_MSGSEND = YES;
				ENABLE_TESTABILITY = YES;
				GCC_C_LANGUAGE_STANDARD = gnu11;
				GCC_DYNAMIC_NO_PIC = NO;
				GCC_NO_COMMON_BLOCKS = YES;
				GCC_OPTIMIZATION_LEVEL = 0;
				GCC_PREPROCESSOR_DEFINITIONS = (
					"DEBUG=1",
					"$(inherited)",
				);
				GCC_WARN_64_TO_32_BIT_CONVERSION = YES;
				GCC_WARN_ABOUT_RETURN_TYPE = YES_ERROR;
				GCC_WARN_UNDECLARED_SELECTOR = YES;
				GCC_WARN_UNINITIALIZED_AUTOS = YES_AGGRESSIVE;
				GCC_WARN_UNUSED_FUNCTION = YES;
				GCC_WARN_UNUSED_VARIABLE = YES;
				IPHONEOS_DEPLOYMENT_TARGET = 14.0;
				MTL_ENABLE_DEBUG_INFO = INCLUDE_SOURCE;
				MTL_FAST_MATH = YES;
				ONLY_ACTIVE_ARCH = YES;
				SDKROOT = iphoneos;
				SWIFT_ACTIVE_COMPILATION_CONDITIONS = DEBUG;
				SWIFT_OPTIMIZATION_LEVEL = "-Onone";
			};
			name = Debug;
		};
		7C2C032A2474208F0009EFEF /* Release */ = {
			isa = XCBuildConfiguration;
			buildSettings = {
				ALWAYS_SEARCH_USER_PATHS = NO;
				CLANG_ANALYZER_NONNULL = YES;
				CLANG_ANALYZER_NUMBER_OBJECT_CONVERSION = YES_AGGRESSIVE;
				CLANG_CXX_LANGUAGE_STANDARD = "gnu++14";
				CLANG_CXX_LIBRARY = "libc++";
				CLANG_ENABLE_MODULES = YES;
				CLANG_ENABLE_OBJC_ARC = YES;
				CLANG_ENABLE_OBJC_WEAK = YES;
				CLANG_WARN_BLOCK_CAPTURE_AUTORELEASING = YES;
				CLANG_WARN_BOOL_CONVERSION = YES;
				CLANG_WARN_COMMA = YES;
				CLANG_WARN_CONSTANT_CONVERSION = YES;
				CLANG_WARN_DEPRECATED_OBJC_IMPLEMENTATIONS = YES;
				CLANG_WARN_DIRECT_OBJC_ISA_USAGE = YES_ERROR;
				CLANG_WARN_DOCUMENTATION_COMMENTS = YES;
				CLANG_WARN_EMPTY_BODY = YES;
				CLANG_WARN_ENUM_CONVERSION = YES;
				CLANG_WARN_INFINITE_RECURSION = YES;
				CLANG_WARN_INT_CONVERSION = YES;
				CLANG_WARN_NON_LITERAL_NULL_CONVERSION = YES;
				CLANG_WARN_OBJC_IMPLICIT_RETAIN_SELF = YES;
				CLANG_WARN_OBJC_LITERAL_CONVERSION = YES;
				CLANG_WARN_OBJC_ROOT_CLASS = YES_ERROR;
				CLANG_WARN_QUOTED_INCLUDE_IN_FRAMEWORK_HEADER = YES;
				CLANG_WARN_RANGE_LOOP_ANALYSIS = YES;
				CLANG_WARN_STRICT_PROTOTYPES = YES;
				CLANG_WARN_SUSPICIOUS_MOVE = YES;
				CLANG_WARN_UNGUARDED_AVAILABILITY = YES_AGGRESSIVE;
				CLANG_WARN_UNREACHABLE_CODE = YES;
				CLANG_WARN__DUPLICATE_METHOD_MATCH = YES;
				CODE_SIGN_IDENTITY = "iPhone Developer";
				COPY_PHASE_STRIP = NO;
				DEBUG_INFORMATION_FORMAT = "dwarf-with-dsym";
				ENABLE_NS_ASSERTIONS = NO;
				ENABLE_STRICT_OBJC_MSGSEND = YES;
				GCC_C_LANGUAGE_STANDARD = gnu11;
				GCC_NO_COMMON_BLOCKS = YES;
				GCC_WARN_64_TO_32_BIT_CONVERSION = YES;
				GCC_WARN_ABOUT_RETURN_TYPE = YES_ERROR;
				GCC_WARN_UNDECLARED_SELECTOR = YES;
				GCC_WARN_UNINITIALIZED_AUTOS = YES_AGGRESSIVE;
				GCC_WARN_UNUSED_FUNCTION = YES;
				GCC_WARN_UNUSED_VARIABLE = YES;
				IPHONEOS_DEPLOYMENT_TARGET = 14.0;
				MTL_ENABLE_DEBUG_INFO = NO;
				MTL_FAST_MATH = YES;
				SDKROOT = iphoneos;
				SWIFT_COMPILATION_MODE = wholemodule;
				SWIFT_OPTIMIZATION_LEVEL = "-O";
				VALIDATE_PRODUCT = YES;
			};
			name = Release;
		};
		7C2C032C2474208F0009EFEF /* Debug */ = {
			isa = XCBuildConfiguration;
			baseConfigurationReference = 4450CA3A015EF54443BD7536 /* Pods-PetWorld.debug.xcconfig */;
			buildSettings = {
				ASSETCATALOG_COMPILER_APPICON_NAME = AppIcon;
				CODE_SIGN_STYLE = Automatic;
				DEVELOPMENT_TEAM = RP896762KU;
				INFOPLIST_FILE = PetWorld/Info.plist;
				LD_RUNPATH_SEARCH_PATHS = (
					"$(inherited)",
					"@executable_path/Frameworks",
				);
				PRODUCT_BUNDLE_IDENTIFIER = EaglesGroupWork.org.Inception;
				PRODUCT_NAME = "$(TARGET_NAME)";
				SWIFT_VERSION = 5.0;
				TARGETED_DEVICE_FAMILY = "1,2";
			};
			name = Debug;
		};
		7C2C032D2474208F0009EFEF /* Release */ = {
			isa = XCBuildConfiguration;
			baseConfigurationReference = 2B03C564DBE06A2F33729C0F /* Pods-PetWorld.release.xcconfig */;
			buildSettings = {
				ASSETCATALOG_COMPILER_APPICON_NAME = AppIcon;
				CODE_SIGN_STYLE = Automatic;
				DEVELOPMENT_TEAM = RP896762KU;
				INFOPLIST_FILE = PetWorld/Info.plist;
				LD_RUNPATH_SEARCH_PATHS = (
					"$(inherited)",
					"@executable_path/Frameworks",
				);
				PRODUCT_BUNDLE_IDENTIFIER = EaglesGroupWork.org.Inception;
				PRODUCT_NAME = "$(TARGET_NAME)";
				SWIFT_VERSION = 5.0;
				TARGETED_DEVICE_FAMILY = "1,2";
			};
			name = Release;
		};
/* End XCBuildConfiguration section */

/* Begin XCConfigurationList section */
		7C2C03112474208E0009EFEF /* Build configuration list for PBXProject "PetWorld" */ = {
			isa = XCConfigurationList;
			buildConfigurations = (
				7C2C03292474208F0009EFEF /* Debug */,
				7C2C032A2474208F0009EFEF /* Release */,
			);
			defaultConfigurationIsVisible = 0;
			defaultConfigurationName = Release;
		};
		7C2C032B2474208F0009EFEF /* Build configuration list for PBXNativeTarget "PetWorld" */ = {
			isa = XCConfigurationList;
			buildConfigurations = (
				7C2C032C2474208F0009EFEF /* Debug */,
				7C2C032D2474208F0009EFEF /* Release */,
			);
			defaultConfigurationIsVisible = 0;
			defaultConfigurationName = Release;
		};
/* End XCConfigurationList section */

/* Begin XCVersionGroup section */
		7C2C03202474208E0009EFEF /* PetWorld.xcdatamodeld */ = {
			isa = XCVersionGroup;
			children = (
				7C2C03212474208E0009EFEF /* PetWorld.xcdatamodel */,
			);
			currentVersion = 7C2C03212474208E0009EFEF /* PetWorld.xcdatamodel */;
			path = PetWorld.xcdatamodeld;
			sourceTree = "<group>";
			versionGroupType = wrapper.xcdatamodel;
		};
/* End XCVersionGroup section */
	};
	rootObject = 7C2C030E2474208E0009EFEF /* Project object */;
}
